
Microsoft Visual Studio Solution File, Format Version 12.00
# Visual Studio Version 17
VisualStudioVersion = 17.3.32922.545
MinimumVisualStudioVersion = 10.0.40219.1
Project("{9A19103F-16F7-4668-BE54-9A1E7A4F7556}") = "App", "App\App.csproj", "{25D37CD2-E5C4-4CAF-985C-D6711A650E6F}"
EndProject
Project("{2150E333-8FDC-42A3-9474-1A3956D46DE8}") = "Settings", "Settings", "{684BA23C-3FE4-4EEE-9A8E-C1380901369D}"
EndProject
Project("{2150E333-8FDC-42A3-9474-1A3956D46DE8}") = "Crawlers", "Crawlers", "{02000175-9730-44BB-AD8D-553A09C12937}"
EndProject
Project("{2150E333-8FDC-42A3-9474-1A3956D46DE8}") = "Common", "Common", "{AF65E9DA-A1C0-444D-9024-74978B0B1C04}"
EndProject
Project("{2150E333-8FDC-42A3-9474-1A3956D46DE8}") = "Core", "Core", "{E3311F65-1260-4566-BDEE-DB45BC1B68BE}"
EndProject
Project("{FAE04EC0-301F-11D3-BF4B-00C04F79EFBC}") = "Crawlers", "Crawlers\Crawlers.csproj", "{7C501DBB-0AB9-4A05-9E46-8329511BFBE8}"
EndProject
Project("{FAE04EC0-301F-11D3-BF4B-00C04F79EFBC}") = "Core", "Core\Core.csproj", "{25A08487-8224-44AE-9030-0BD7B3F780D5}"
EndProject
Project("{FAE04EC0-301F-11D3-BF4B-00C04F79EFBC}") = "Common", "Common\Common.csproj", "{E834E200-1537-407E-8443-3BBC03808215}"
EndProject
Global
	GlobalSection(SolutionConfigurationPlatforms) = preSolution
		Debug|Any CPU = Debug|Any CPU
		Release|Any CPU = Release|Any CPU
	EndGlobalSection
	GlobalSection(ProjectConfigurationPlatforms) = postSolution
		{25D37CD2-E5C4-4CAF-985C-D6711A650E6F}.Debug|Any CPU.ActiveCfg = Debug|Any CPU
		{25D37CD2-E5C4-4CAF-985C-D6711A650E6F}.Debug|Any CPU.Build.0 = Debug|Any CPU
		{25D37CD2-E5C4-4CAF-985C-D6711A650E6F}.Release|Any CPU.ActiveCfg = Release|Any CPU
		{25D37CD2-E5C4-4CAF-985C-D6711A650E6F}.Release|Any CPU.Build.0 = Release|Any CPU
		{7C501DBB-0AB9-4A05-9E46-8329511BFBE8}.Debug|Any CPU.ActiveCfg = Debug|Any CPU
		{7C501DBB-0AB9-4A05-9E46-8329511BFBE8}.Debug|Any CPU.Build.0 = Debug|Any CPU
		{7C501DBB-0AB9-4A05-9E46-8329511BFBE8}.Release|Any CPU.ActiveCfg = Release|Any CPU
		{7C501DBB-0AB9-4A05-9E46-8329511BFBE8}.Release|Any CPU.Build.0 = Release|Any CPU
		{25A08487-8224-44AE-9030-0BD7B3F780D5}.Debug|Any CPU.ActiveCfg = Debug|Any CPU
		{25A08487-8224-44AE-9030-0BD7B3F780D5}.Debug|Any CPU.Build.0 = Debug|Any CPU
		{25A08487-8224-44AE-9030-0BD7B3F780D5}.Release|Any CPU.ActiveCfg = Release|Any CPU
		{25A08487-8224-44AE-9030-0BD7B3F780D5}.Release|Any CPU.Build.0 = Release|Any CPU
		{E834E200-1537-407E-8443-3BBC03808215}.Debug|Any CPU.ActiveCfg = Debug|Any CPU
		{E834E200-1537-407E-8443-3BBC03808215}.Debug|Any CPU.Build.0 = Debug|Any CPU
		{E834E200-1537-407E-8443-3BBC03808215}.Release|Any CPU.ActiveCfg = Release|Any CPU
		{E834E200-1537-407E-8443-3BBC03808215}.Release|Any CPU.Build.0 = Release|Any CPU
	EndGlobalSection
	GlobalSection(SolutionProperties) = preSolution
		HideSolutionNode = FALSE
	EndGlobalSection
	GlobalSection(NestedProjects) = preSolution
		{25D37CD2-E5C4-4CAF-985C-D6711A650E6F} = {684BA23C-3FE4-4EEE-9A8E-C1380901369D}
		{7C501DBB-0AB9-4A05-9E46-8329511BFBE8} = {02000175-9730-44BB-AD8D-553A09C12937}
		{25A08487-8224-44AE-9030-0BD7B3F780D5} = {E3311F65-1260-4566-BDEE-DB45BC1B68BE}
		{E834E200-1537-407E-8443-3BBC03808215} = {AF65E9DA-A1C0-444D-9024-74978B0B1C04}
	EndGlobalSection
	GlobalSection(ExtensibilityGlobals) = postSolution
		SolutionGuid = {339BDEF9-8894-4BA5-89F0-275A538059E0}
	EndGlobalSection
EndGlobal
